
Microsoft Visual Studio Solution File, Format Version 12.00
# Visual Studio Version 16
VisualStudioVersion = 16.0.30717.126
MinimumVisualStudioVersion = 10.0.40219.1
Project("{FAE04EC0-301F-11D3-BF4B-00C04F79EFBC}") = "TamagouchiWebAPI", "TamagouchiWebAPI\TamagouchiWebAPI.csproj", "{9528704C-4C51-4B37-AC1D-7AC798A13DEC}"
EndProject
Project("{FAE04EC0-301F-11D3-BF4B-00C04F79EFBC}") = "TamagouhciModel", "TamagouhciModel\TamagouhciModel.csproj", "{B89D8E97-6331-4D1C-B638-AC397A78C6C1}"
EndProject
Global
	GlobalSection(SolutionConfigurationPlatforms) = preSolution
		Debug|Any CPU = Debug|Any CPU
		Release|Any CPU = Release|Any CPU
	EndGlobalSection
	GlobalSection(ProjectConfigurationPlatforms) = postSolution
		{9528704C-4C51-4B37-AC1D-7AC798A13DEC}.Debug|Any CPU.ActiveCfg = Debug|Any CPU
		{9528704C-4C51-4B37-AC1D-7AC798A13DEC}.Debug|Any CPU.Build.0 = Debug|Any CPU
		{9528704C-4C51-4B37-AC1D-7AC798A13DEC}.Release|Any CPU.ActiveCfg = Release|Any CPU
		{9528704C-4C51-4B37-AC1D-7AC798A13DEC}.Release|Any CPU.Build.0 = Release|Any CPU
		{B89D8E97-6331-4D1C-B638-AC397A78C6C1}.Debug|Any CPU.ActiveCfg = Debug|Any CPU
		{B89D8E97-6331-4D1C-B638-AC397A78C6C1}.Debug|Any CPU.Build.0 = Debug|Any CPU
		{B89D8E97-6331-4D1C-B638-AC397A78C6C1}.Release|Any CPU.ActiveCfg = Release|Any CPU
		{B89D8E97-6331-4D1C-B638-AC397A78C6C1}.Release|Any CPU.Build.0 = Release|Any CPU
	EndGlobalSection
	GlobalSection(SolutionProperties) = preSolution
		HideSolutionNode = FALSE
	EndGlobalSection
	GlobalSection(ExtensibilityGlobals) = postSolution
		SolutionGuid = {5EB78414-1E5D-4F98-A07B-C83AAC168779}
	EndGlobalSection
EndGlobal
